
Microsoft Visual Studio Solution File, Format Version 12.00
# Visual Studio Version 17
VisualStudioVersion = 17.4.33213.308
MinimumVisualStudioVersion = 10.0.40219.1
Project("{9A19103F-16F7-4668-BE54-9A1E7A4F7556}") = "Server", "Server.csproj", "{24383750-D3E7-429C-B6DD-0181AA83A5BE}"
EndProject
Project("{9A19103F-16F7-4668-BE54-9A1E7A4F7556}") = "Chat Test App", "..\Chat Test App\Chat Test App\Chat Test App.csproj", "{55707E69-2C05-4BE4-9203-B04140723793}"
EndProject
Project("{FAE04EC0-301F-11D3-BF4B-00C04F79EFBC}") = "Client", "..\Client\Client.csproj", "{E62E0F31-B2B7-4A45-B5C9-0665EC367FEB}"
EndProject
Global
	GlobalSection(SolutionConfigurationPlatforms) = preSolution
		Debug|Any CPU = Debug|Any CPU
		Release|Any CPU = Release|Any CPU
	EndGlobalSection
	GlobalSection(ProjectConfigurationPlatforms) = postSolution
		{24383750-D3E7-429C-B6DD-0181AA83A5BE}.Debug|Any CPU.ActiveCfg = Debug|Any CPU
		{24383750-D3E7-429C-B6DD-0181AA83A5BE}.Debug|Any CPU.Build.0 = Debug|Any CPU
		{24383750-D3E7-429C-B6DD-0181AA83A5BE}.Release|Any CPU.ActiveCfg = Release|Any CPU
		{24383750-D3E7-429C-B6DD-0181AA83A5BE}.Release|Any CPU.Build.0 = Release|Any CPU
		{55707E69-2C05-4BE4-9203-B04140723793}.Debug|Any CPU.ActiveCfg = Debug|Any CPU
		{55707E69-2C05-4BE4-9203-B04140723793}.Debug|Any CPU.Build.0 = Debug|Any CPU
		{55707E69-2C05-4BE4-9203-B04140723793}.Release|Any CPU.ActiveCfg = Release|Any CPU
		{55707E69-2C05-4BE4-9203-B04140723793}.Release|Any CPU.Build.0 = Release|Any CPU
		{E62E0F31-B2B7-4A45-B5C9-0665EC367FEB}.Debug|Any CPU.ActiveCfg = Debug|Any CPU
		{E62E0F31-B2B7-4A45-B5C9-0665EC367FEB}.Debug|Any CPU.Build.0 = Debug|Any CPU
		{E62E0F31-B2B7-4A45-B5C9-0665EC367FEB}.Release|Any CPU.ActiveCfg = Release|Any CPU
		{E62E0F31-B2B7-4A45-B5C9-0665EC367FEB}.Release|Any CPU.Build.0 = Release|Any CPU
	EndGlobalSection
	GlobalSection(SolutionProperties) = preSolution
		HideSolutionNode = FALSE
	EndGlobalSection
	GlobalSection(ExtensibilityGlobals) = postSolution
		SolutionGuid = {35F29967-60D3-46F9-B829-90CADC3DD616}
	EndGlobalSection
EndGlobal
